
Microsoft Visual Studio Solution File, Format Version 12.00
# Visual Studio Version 17
VisualStudioVersion = 17.14.36301.6
MinimumVisualStudioVersion = 10.0.40219.1
Project("{FAE04EC0-301F-11D3-BF4B-00C04F79EFBC}") = "Frontend", "Frontend.csproj", "{6DD8CB0C-5CD6-4625-B0D6-A3618E4F1DCF}"
EndProject
Global
	GlobalSection(SolutionConfigurationPlatforms) = preSolution
		Debug|Any CPU = Debug|Any CPU
		Release|Any CPU = Release|Any CPU
	EndGlobalSection
	GlobalSection(ProjectConfigurationPlatforms) = postSolution
		{6DD8CB0C-5CD6-4625-B0D6-A3618E4F1DCF}.Debug|Any CPU.ActiveCfg = Debug|Any CPU
		{6DD8CB0C-5CD6-4625-B0D6-A3618E4F1DCF}.Debug|Any CPU.Build.0 = Debug|Any CPU
		{6DD8CB0C-5CD6-4625-B0D6-A3618E4F1DCF}.Release|Any CPU.ActiveCfg = Release|Any CPU
		{6DD8CB0C-5CD6-4625-B0D6-A3618E4F1DCF}.Release|Any CPU.Build.0 = Release|Any CPU
	EndGlobalSection
	GlobalSection(SolutionProperties) = preSolution
		HideSolutionNode = FALSE
	EndGlobalSection
	GlobalSection(ExtensibilityGlobals) = postSolution
		SolutionGuid = {263E7C35-59D6-4066-A55E-C713175BBADE}
	EndGlobalSection
EndGlobal
